
Microsoft Visual Studio Solution File, Format Version 12.00
# Visual Studio Version 16
VisualStudioVersion = 16.0.30907.101
MinimumVisualStudioVersion = 10.0.40219.1
Project("{9A19103F-16F7-4668-BE54-9A1E7A4F7556}") = "DataAccess", "DataAccess\DataAccess.csproj", "{94D881A8-43CF-4FC6-8704-05AC28F6AA7E}"
EndProject
Project("{9A19103F-16F7-4668-BE54-9A1E7A4F7556}") = "Business", "Business\Business.csproj", "{FCC54A23-FA70-4038-BA18-82C33ADF2609}"
EndProject
Project("{9A19103F-16F7-4668-BE54-9A1E7A4F7556}") = "Entities", "Entities\Entities.csproj", "{33B41EE3-E101-4875-8B81-F29844063764}"
EndProject
Project("{9A19103F-16F7-4668-BE54-9A1E7A4F7556}") = "ConsoleUI", "ConsoleUI\ConsoleUI.csproj", "{F3517B5F-F3D7-41E3-804C-7475F2522298}"
EndProject
Project("{9A19103F-16F7-4668-BE54-9A1E7A4F7556}") = "Core", "Core\Core.csproj", "{296E7019-73C4-4EB5-8F1C-067928DD9F15}"
EndProject
Project("{FAE04EC0-301F-11D3-BF4B-00C04F79EFBC}") = "WebAPI", "WebAPI\WebAPI.csproj", "{21E7BBA8-B949-4D68-9330-886F6B43A9CA}"
EndProject
Global
	GlobalSection(SolutionConfigurationPlatforms) = preSolution
		Debug|Any CPU = Debug|Any CPU
		Release|Any CPU = Release|Any CPU
	EndGlobalSection
	GlobalSection(ProjectConfigurationPlatforms) = postSolution
		{94D881A8-43CF-4FC6-8704-05AC28F6AA7E}.Debug|Any CPU.ActiveCfg = Debug|Any CPU
		{94D881A8-43CF-4FC6-8704-05AC28F6AA7E}.Debug|Any CPU.Build.0 = Debug|Any CPU
		{94D881A8-43CF-4FC6-8704-05AC28F6AA7E}.Release|Any CPU.ActiveCfg = Release|Any CPU
		{94D881A8-43CF-4FC6-8704-05AC28F6AA7E}.Release|Any CPU.Build.0 = Release|Any CPU
		{FCC54A23-FA70-4038-BA18-82C33ADF2609}.Debug|Any CPU.ActiveCfg = Debug|Any CPU
		{FCC54A23-FA70-4038-BA18-82C33ADF2609}.Debug|Any CPU.Build.0 = Debug|Any CPU
		{FCC54A23-FA70-4038-BA18-82C33ADF2609}.Release|Any CPU.ActiveCfg = Release|Any CPU
		{FCC54A23-FA70-4038-BA18-82C33ADF2609}.Release|Any CPU.Build.0 = Release|Any CPU
		{33B41EE3-E101-4875-8B81-F29844063764}.Debug|Any CPU.ActiveCfg = Debug|Any CPU
		{33B41EE3-E101-4875-8B81-F29844063764}.Debug|Any CPU.Build.0 = Debug|Any CPU
		{33B41EE3-E101-4875-8B81-F29844063764}.Release|Any CPU.ActiveCfg = Release|Any CPU
		{33B41EE3-E101-4875-8B81-F29844063764}.Release|Any CPU.Build.0 = Release|Any CPU
		{F3517B5F-F3D7-41E3-804C-7475F2522298}.Debug|Any CPU.ActiveCfg = Debug|Any CPU
		{F3517B5F-F3D7-41E3-804C-7475F2522298}.Debug|Any CPU.Build.0 = Debug|Any CPU
		{F3517B5F-F3D7-41E3-804C-7475F2522298}.Release|Any CPU.ActiveCfg = Release|Any CPU
		{F3517B5F-F3D7-41E3-804C-7475F2522298}.Release|Any CPU.Build.0 = Release|Any CPU
		{296E7019-73C4-4EB5-8F1C-067928DD9F15}.Debug|Any CPU.ActiveCfg = Debug|Any CPU
		{296E7019-73C4-4EB5-8F1C-067928DD9F15}.Debug|Any CPU.Build.0 = Debug|Any CPU
		{296E7019-73C4-4EB5-8F1C-067928DD9F15}.Release|Any CPU.ActiveCfg = Release|Any CPU
		{296E7019-73C4-4EB5-8F1C-067928DD9F15}.Release|Any CPU.Build.0 = Release|Any CPU
		{21E7BBA8-B949-4D68-9330-886F6B43A9CA}.Debug|Any CPU.ActiveCfg = Debug|Any CPU
		{21E7BBA8-B949-4D68-9330-886F6B43A9CA}.Debug|Any CPU.Build.0 = Debug|Any CPU
		{21E7BBA8-B949-4D68-9330-886F6B43A9CA}.Release|Any CPU.ActiveCfg = Release|Any CPU
		{21E7BBA8-B949-4D68-9330-886F6B43A9CA}.Release|Any CPU.Build.0 = Release|Any CPU
	EndGlobalSection
	GlobalSection(SolutionProperties) = preSolution
		HideSolutionNode = FALSE
	EndGlobalSection
	GlobalSection(ExtensibilityGlobals) = postSolution
		SolutionGuid = {51FAF118-5551-4E04-9B7D-7554B19772F1}
	EndGlobalSection
EndGlobal
